
Microsoft Visual Studio Solution File, Format Version 12.00
# Visual Studio Version 17
VisualStudioVersion = 17.11.35222.181
MinimumVisualStudioVersion = 10.0.40219.1
Project("{FAE04EC0-301F-11D3-BF4B-00C04F79EFBC}") = "Infrastructure", "Models\Infrastructure.csproj", "{3C1C662F-D541-48EF-9FAE-903F73B73745}"
EndProject
Project("{FAE04EC0-301F-11D3-BF4B-00C04F79EFBC}") = "DBContext", "DbContext\DBContext.csproj", "{ACFEA3AE-BA44-4FEB-ABAA-72D793ED0428}"
EndProject
Project("{FAE04EC0-301F-11D3-BF4B-00C04F79EFBC}") = "Services", "Services\Services.csproj", "{D8C9B5A7-7C85-4D67-85A1-A8F3C9E7E3B1}"
EndProject
Project("{FAE04EC0-301F-11D3-BF4B-00C04F79EFBC}") = "Api", "Api\Api.csproj", "{AE60BD23-A7CE-4571-B3B1-63EEFABEB426}"
EndProject
Global
	GlobalSection(SolutionConfigurationPlatforms) = preSolution
		Debug|Any CPU = Debug|Any CPU
		Debug|x64 = Debug|x64
		Debug|x86 = Debug|x86
		Release|Any CPU = Release|Any CPU
		Release|x64 = Release|x64
		Release|x86 = Release|x86
	EndGlobalSection
	GlobalSection(ProjectConfigurationPlatforms) = postSolution
		{3C1C662F-D541-48EF-9FAE-903F73B73745}.Debug|Any CPU.ActiveCfg = Debug|Any CPU
		{3C1C662F-D541-48EF-9FAE-903F73B73745}.Debug|Any CPU.Build.0 = Debug|Any CPU
		{3C1C662F-D541-48EF-9FAE-903F73B73745}.Debug|x64.ActiveCfg = Debug|Any CPU
		{3C1C662F-D541-48EF-9FAE-903F73B73745}.Debug|x64.Build.0 = Debug|Any CPU
		{3C1C662F-D541-48EF-9FAE-903F73B73745}.Debug|x86.ActiveCfg = Debug|Any CPU
		{3C1C662F-D541-48EF-9FAE-903F73B73745}.Debug|x86.Build.0 = Debug|Any CPU
		{3C1C662F-D541-48EF-9FAE-903F73B73745}.Release|Any CPU.ActiveCfg = Release|Any CPU
		{3C1C662F-D541-48EF-9FAE-903F73B73745}.Release|Any CPU.Build.0 = Release|Any CPU
		{3C1C662F-D541-48EF-9FAE-903F73B73745}.Release|x64.ActiveCfg = Release|Any CPU
		{3C1C662F-D541-48EF-9FAE-903F73B73745}.Release|x64.Build.0 = Release|Any CPU
		{3C1C662F-D541-48EF-9FAE-903F73B73745}.Release|x86.ActiveCfg = Release|Any CPU
		{3C1C662F-D541-48EF-9FAE-903F73B73745}.Release|x86.Build.0 = Release|Any CPU
		{ACFEA3AE-BA44-4FEB-ABAA-72D793ED0428}.Debug|Any CPU.ActiveCfg = Debug|Any CPU
		{ACFEA3AE-BA44-4FEB-ABAA-72D793ED0428}.Debug|Any CPU.Build.0 = Debug|Any CPU
		{ACFEA3AE-BA44-4FEB-ABAA-72D793ED0428}.Debug|x64.ActiveCfg = Debug|Any CPU
		{ACFEA3AE-BA44-4FEB-ABAA-72D793ED0428}.Debug|x64.Build.0 = Debug|Any CPU
		{ACFEA3AE-BA44-4FEB-ABAA-72D793ED0428}.Debug|x86.ActiveCfg = Debug|Any CPU
		{ACFEA3AE-BA44-4FEB-ABAA-72D793ED0428}.Debug|x86.Build.0 = Debug|Any CPU
		{ACFEA3AE-BA44-4FEB-ABAA-72D793ED0428}.Release|Any CPU.ActiveCfg = Release|Any CPU
		{ACFEA3AE-BA44-4FEB-ABAA-72D793ED0428}.Release|Any CPU.Build.0 = Release|Any CPU
		{ACFEA3AE-BA44-4FEB-ABAA-72D793ED0428}.Release|x64.ActiveCfg = Release|Any CPU
		{ACFEA3AE-BA44-4FEB-ABAA-72D793ED0428}.Release|x64.Build.0 = Release|Any CPU
		{ACFEA3AE-BA44-4FEB-ABAA-72D793ED0428}.Release|x86.ActiveCfg = Release|Any CPU
		{ACFEA3AE-BA44-4FEB-ABAA-72D793ED0428}.Release|x86.Build.0 = Release|Any CPU
		{D8C9B5A7-7C85-4D67-85A1-A8F3C9E7E3B1}.Debug|Any CPU.ActiveCfg = Debug|Any CPU
		{D8C9B5A7-7C85-4D67-85A1-A8F3C9E7E3B1}.Debug|Any CPU.Build.0 = Debug|Any CPU
		{D8C9B5A7-7C85-4D67-85A1-A8F3C9E7E3B1}.Debug|x64.ActiveCfg = Debug|Any CPU
		{D8C9B5A7-7C85-4D67-85A1-A8F3C9E7E3B1}.Debug|x64.Build.0 = Debug|Any CPU
		{D8C9B5A7-7C85-4D67-85A1-A8F3C9E7E3B1}.Debug|x86.ActiveCfg = Debug|Any CPU
		{D8C9B5A7-7C85-4D67-85A1-A8F3C9E7E3B1}.Debug|x86.Build.0 = Debug|Any CPU
		{D8C9B5A7-7C85-4D67-85A1-A8F3C9E7E3B1}.Release|Any CPU.ActiveCfg = Release|Any CPU
		{D8C9B5A7-7C85-4D67-85A1-A8F3C9E7E3B1}.Release|Any CPU.Build.0 = Release|Any CPU
		{D8C9B5A7-7C85-4D67-85A1-A8F3C9E7E3B1}.Release|x64.ActiveCfg = Release|Any CPU
		{D8C9B5A7-7C85-4D67-85A1-A8F3C9E7E3B1}.Release|x64.Build.0 = Release|Any CPU
		{D8C9B5A7-7C85-4D67-85A1-A8F3C9E7E3B1}.Release|x86.ActiveCfg = Release|Any CPU
		{D8C9B5A7-7C85-4D67-85A1-A8F3C9E7E3B1}.Release|x86.Build.0 = Release|Any CPU
		{AE60BD23-A7CE-4571-B3B1-63EEFABEB426}.Debug|Any CPU.ActiveCfg = Debug|Any CPU
		{AE60BD23-A7CE-4571-B3B1-63EEFABEB426}.Debug|Any CPU.Build.0 = Debug|Any CPU
		{AE60BD23-A7CE-4571-B3B1-63EEFABEB426}.Debug|x64.ActiveCfg = Debug|Any CPU
		{AE60BD23-A7CE-4571-B3B1-63EEFABEB426}.Debug|x64.Build.0 = Debug|Any CPU
		{AE60BD23-A7CE-4571-B3B1-63EEFABEB426}.Debug|x86.ActiveCfg = Debug|Any CPU
		{AE60BD23-A7CE-4571-B3B1-63EEFABEB426}.Debug|x86.Build.0 = Debug|Any CPU
		{AE60BD23-A7CE-4571-B3B1-63EEFABEB426}.Release|Any CPU.ActiveCfg = Release|Any CPU
		{AE60BD23-A7CE-4571-B3B1-63EEFABEB426}.Release|Any CPU.Build.0 = Release|Any CPU
		{AE60BD23-A7CE-4571-B3B1-63EEFABEB426}.Release|x64.ActiveCfg = Release|Any CPU
		{AE60BD23-A7CE-4571-B3B1-63EEFABEB426}.Release|x64.Build.0 = Release|Any CPU
		{AE60BD23-A7CE-4571-B3B1-63EEFABEB426}.Release|x86.ActiveCfg = Release|Any CPU
		{AE60BD23-A7CE-4571-B3B1-63EEFABEB426}.Release|x86.Build.0 = Release|Any CPU
	EndGlobalSection
	GlobalSection(SolutionProperties) = preSolution
		HideSolutionNode = FALSE
	EndGlobalSection
	GlobalSection(ExtensibilityGlobals) = postSolution
		SolutionGuid = {DBA80988-AC85-46E6-AAC5-0672160A81EE}
	EndGlobalSection
EndGlobal
